Microsoft Visual Studio Solution File, Format Version 12.00
# Visual Studio Version 17
VisualStudioVersion = 17.5.2.0
MinimumVisualStudioVersion = 10.0.40219.1
Project("{FAE04EC0-301F-11D3-BF4B-00C04F79EFBC}") = "PosApi", "PosApi\PosApi.csproj", "{DBCE55DC-76A8-AF37-AEA2-2D078EA78F62}"
EndProject
Global
	GlobalSection(SolutionConfigurationPlatforms) = preSolution
		Debug|Any CPU = Debug|Any CPU
		Release|Any CPU = Release|Any CPU
	EndGlobalSection
	GlobalSection(ProjectConfigurationPlatforms) = postSolution
		{DBCE55DC-76A8-AF37-AEA2-2D078EA78F62}.Debug|Any CPU.ActiveCfg = Debug|Any CPU
		{DBCE55DC-76A8-AF37-AEA2-2D078EA78F62}.Debug|Any CPU.Build.0 = Debug|Any CPU
		{DBCE55DC-76A8-AF37-AEA2-2D078EA78F62}.Release|Any CPU.ActiveCfg = Release|Any CPU
		{DBCE55DC-76A8-AF37-AEA2-2D078EA78F62}.Release|Any CPU.Build.0 = Release|Any CPU
	EndGlobalSection
	GlobalSection(SolutionProperties) = preSolution
		HideSolutionNode = FALSE
	EndGlobalSection
	GlobalSection(ExtensibilityGlobals) = postSolution
		SolutionGuid = {3459E72B-C745-406A-9528-4BED33416A2E}
	EndGlobalSection
EndGlobal
